# This file is automatically @generated by Cargo.
# It is not intended for manual editing.
version = 4

[[package]]
name = "pgbr-build"
version = "0.1.0"

[[package]]
name = "pgbr-command"
version = "0.1.0"

[[package]]
name = "pgbr-compress"
version = "0.1.0"

[[package]]
name = "pgbr-config"
version = "0.1.0"

[[package]]
name = "pgbr-core"
version = "0.1.0"

[[package]]
name = "pgbr-crypto"
version = "0.1.0"

[[package]]
name = "pgbr-db"
version = "0.1.0"

[[package]]
name = "pgbr-encode"
version = "0.1.0"

[[package]]
name = "pgbr-error"
version = "0.1.0"

[[package]]
name = "pgbr-ffi"
version = "0.1.0"

[[package]]
name = "pgbr-info"
version = "0.1.0"

[[package]]
name = "pgbr-io"
version = "0.1.0"

[[package]]
name = "pgbr-naming"
version = "0.1.0"

[[package]]
name = "pgbr-postgres"
version = "0.1.0"

[[package]]
name = "pgbr-protocol"
version = "0.1.0"

[[package]]
name = "pgbr-regex"
version = "0.1.0"

[[package]]
name = "pgbr-storage"
version = "0.1.0"
